
Microsoft Visual Studio Solution File, Format Version 12.00
# Visual Studio Version 17
VisualStudioVersion = 17.3.32922.545
MinimumVisualStudioVersion = 10.0.40219.1
Project("{FAE04EC0-301F-11D3-BF4B-00C04F79EFBC}") = "Nested", "Nested\Nested.csproj", "{50D2AEF1-14BB-4B51-A329-A7B49D550ECA}"
EndProject
Global
	GlobalSection(SolutionConfigurationPlatforms) = preSolution
		Debug|Any CPU = Debug|Any CPU
		Release|Any CPU = Release|Any CPU
	EndGlobalSection
	GlobalSection(ProjectConfigurationPlatforms) = postSolution
		{50D2AEF1-14BB-4B51-A329-A7B49D550ECA}.Debug|Any CPU.ActiveCfg = Debug|Any CPU
		{50D2AEF1-14BB-4B51-A329-A7B49D550ECA}.Debug|Any CPU.Build.0 = Debug|Any CPU
		{50D2AEF1-14BB-4B51-A329-A7B49D550ECA}.Release|Any CPU.ActiveCfg = Release|Any CPU
		{50D2AEF1-14BB-4B51-A329-A7B49D550ECA}.Release|Any CPU.Build.0 = Release|Any CPU
	EndGlobalSection
	GlobalSection(SolutionProperties) = preSolution
		HideSolutionNode = FALSE
	EndGlobalSection
	GlobalSection(ExtensibilityGlobals) = postSolution
		SolutionGuid = {BC7B3CF8-8CC5-4DD7-A0A3-E5D99BD5116F}
	EndGlobalSection
EndGlobal
